
Microsoft Visual Studio Solution File, Format Version 12.00
# Visual Studio Version 17
VisualStudioVersion = 17.9.34728.123
MinimumVisualStudioVersion = 10.0.40219.1
Project("{FAE04EC0-301F-11D3-BF4B-00C04F79EFBC}") = "MovieBookingApplication", "MovieBookingApplication\MovieBookingApplication.csproj", "{41840E63-C894-4CC0-940B-05E1292F3005}"
EndProject
Global
	GlobalSection(SolutionConfigurationPlatforms) = preSolution
		Debug|Any CPU = Debug|Any CPU
		Release|Any CPU = Release|Any CPU
	EndGlobalSection
	GlobalSection(ProjectConfigurationPlatforms) = postSolution
		{41840E63-C894-4CC0-940B-05E1292F3005}.Debug|Any CPU.ActiveCfg = Debug|Any CPU
		{41840E63-C894-4CC0-940B-05E1292F3005}.Debug|Any CPU.Build.0 = Debug|Any CPU
		{41840E63-C894-4CC0-940B-05E1292F3005}.Release|Any CPU.ActiveCfg = Release|Any CPU
		{41840E63-C894-4CC0-940B-05E1292F3005}.Release|Any CPU.Build.0 = Release|Any CPU
	EndGlobalSection
	GlobalSection(SolutionProperties) = preSolution
		HideSolutionNode = FALSE
	EndGlobalSection
	GlobalSection(ExtensibilityGlobals) = postSolution
		SolutionGuid = {C74FC5C5-5289-4BB9-8164-E572BFA97034}
	EndGlobalSection
EndGlobal
